
Microsoft Visual Studio Solution File, Format Version 12.00
# Visual Studio Version 16
VisualStudioVersion = 16.0.32228.343
MinimumVisualStudioVersion = 10.0.40219.1
Project("{FAE04EC0-301F-11D3-BF4B-00C04F79EFBC}") = "TeastApp", "TeastApp\TeastApp.csproj", "{C54327FD-29C7-413F-BE71-B3F670F8CB33}"
EndProject
Project("{FAE04EC0-301F-11D3-BF4B-00C04F79EFBC}") = "TestLibraryShapes", "TestLibraryShapes\TestLibraryShapes.csproj", "{88FF6DDB-F78F-4379-9EC4-F6BAABC224B2}"
EndProject
Project("{FAE04EC0-301F-11D3-BF4B-00C04F79EFBC}") = "Tests", "Tests\Tests.csproj", "{2E693797-FC13-4A2C-8831-E8CB36DE4BCB}"
EndProject
Global
	GlobalSection(SolutionConfigurationPlatforms) = preSolution
		Debug|Any CPU = Debug|Any CPU
		Release|Any CPU = Release|Any CPU
	EndGlobalSection
	GlobalSection(ProjectConfigurationPlatforms) = postSolution
		{C54327FD-29C7-413F-BE71-B3F670F8CB33}.Debug|Any CPU.ActiveCfg = Debug|Any CPU
		{C54327FD-29C7-413F-BE71-B3F670F8CB33}.Debug|Any CPU.Build.0 = Debug|Any CPU
		{C54327FD-29C7-413F-BE71-B3F670F8CB33}.Release|Any CPU.ActiveCfg = Release|Any CPU
		{C54327FD-29C7-413F-BE71-B3F670F8CB33}.Release|Any CPU.Build.0 = Release|Any CPU
		{88FF6DDB-F78F-4379-9EC4-F6BAABC224B2}.Debug|Any CPU.ActiveCfg = Debug|Any CPU
		{88FF6DDB-F78F-4379-9EC4-F6BAABC224B2}.Debug|Any CPU.Build.0 = Debug|Any CPU
		{88FF6DDB-F78F-4379-9EC4-F6BAABC224B2}.Release|Any CPU.ActiveCfg = Release|Any CPU
		{88FF6DDB-F78F-4379-9EC4-F6BAABC224B2}.Release|Any CPU.Build.0 = Release|Any CPU
		{2E693797-FC13-4A2C-8831-E8CB36DE4BCB}.Debug|Any CPU.ActiveCfg = Debug|Any CPU
		{2E693797-FC13-4A2C-8831-E8CB36DE4BCB}.Debug|Any CPU.Build.0 = Debug|Any CPU
		{2E693797-FC13-4A2C-8831-E8CB36DE4BCB}.Release|Any CPU.ActiveCfg = Release|Any CPU
		{2E693797-FC13-4A2C-8831-E8CB36DE4BCB}.Release|Any CPU.Build.0 = Release|Any CPU
	EndGlobalSection
	GlobalSection(SolutionProperties) = preSolution
		HideSolutionNode = FALSE
	EndGlobalSection
	GlobalSection(ExtensibilityGlobals) = postSolution
		SolutionGuid = {E1E4F465-B2A9-4439-A444-D0C8F2119504}
	EndGlobalSection
EndGlobal
